{
  "version": 4,
  "terraform_version": "1.14.7",
  "serial": 4,
  "lineage": "50865f33-da9e-5ad5-0479-b14b9f328c7f",
  "outputs": {
    "sg": {
      "value": "tf-user-lab01-sg-web",
      "type": "string"
    }
  },
  "resources": [
    {
      "mode": "managed",
      "type": "aws_security_group",
      "name": "sg_sue",
      "provider": "provider[\"registry.terraform.io/hashicorp/aws\"]",
      "instances": [
        {
          "schema_version": 1,
          "attributes": {
            "arn": "arn:aws:ec2:ap-northeast-2:102120298168:security-group/sg-0640c60b45ecccc6d",
            "description": "Managed by Terraform",
            "egress": [],
            "id": "sg-0640c60b45ecccc6d",
            "ingress": [],
            "name": "tf-user-lab01-sg-web",
            "name_prefix": "",
            "owner_id": "102120298168",
            "region": "ap-northeast-2",
            "revoke_rules_on_delete": false,
            "tags": {
              "Name": "tf-user-lab01-sg-web"
            },
            "tags_all": {
              "Name": "tf-user-lab01-sg-web"
            },
            "timeouts": null,
            "vpc_id": "vpc-02e2bd9f1c1aaf66d"
          },
          "sensitive_attributes": [],
          "identity_schema_version": 0,
          "identity": {
            "account_id": "102120298168",
            "id": "sg-0640c60b45ecccc6d",
            "region": "ap-northeast-2"
          },
          "private": "eyJlMmJmYjczMC1lY2FhLTExZTYtOGY4OC0zNDM2M2JjN2M0YzAiOnsiY3JlYXRlIjo2MDAwMDAwMDAwMDAsImRlbGV0ZSI6OTAwMDAwMDAwMDAwfSwic2NoZW1hX3ZlcnNpb24iOiIxIn0="
        }
      ]
    }
  ],
  "check_results": null
}
